
Microsoft Visual Studio Solution File, Format Version 12.00
# Visual Studio Version 17
VisualStudioVersion = 17.14.36511.14 d17.14
MinimumVisualStudioVersion = 10.0.40219.1
Project("{FAE04EC0-301F-11D3-BF4B-00C04F79EFBC}") = "Praktik_6.8_marisca_xpplg2", "Praktik_6.8_marisca_xpplg2.csproj", "{06391DF3-0BD9-46FD-B0B2-02EDE9D8D568}"
EndProject
Global
	GlobalSection(SolutionConfigurationPlatforms) = preSolution
		Debug|Any CPU = Debug|Any CPU
		Release|Any CPU = Release|Any CPU
	EndGlobalSection
	GlobalSection(ProjectConfigurationPlatforms) = postSolution
		{06391DF3-0BD9-46FD-B0B2-02EDE9D8D568}.Debug|Any CPU.ActiveCfg = Debug|Any CPU
		{06391DF3-0BD9-46FD-B0B2-02EDE9D8D568}.Debug|Any CPU.Build.0 = Debug|Any CPU
		{06391DF3-0BD9-46FD-B0B2-02EDE9D8D568}.Release|Any CPU.ActiveCfg = Release|Any CPU
		{06391DF3-0BD9-46FD-B0B2-02EDE9D8D568}.Release|Any CPU.Build.0 = Release|Any CPU
	EndGlobalSection
	GlobalSection(SolutionProperties) = preSolution
		HideSolutionNode = FALSE
	EndGlobalSection
	GlobalSection(ExtensibilityGlobals) = postSolution
		SolutionGuid = {438916AC-70EE-4245-8790-12282DC82CB1}
	EndGlobalSection
EndGlobal
