
Microsoft Visual Studio Solution File, Format Version 12.00
# Visual Studio Version 17
VisualStudioVersion = 17.14.36511.14 d17.14
MinimumVisualStudioVersion = 10.0.40219.1
Project("{FAE04EC0-301F-11D3-BF4B-00C04F79EFBC}") = "Praktik_7.2_fungsi", "Praktik_7.2_fungsi.csproj", "{3D4A0EAC-3453-4E6C-8F1B-918255A8F8FB}"
EndProject
Global
	GlobalSection(SolutionConfigurationPlatforms) = preSolution
		Debug|Any CPU = Debug|Any CPU
		Release|Any CPU = Release|Any CPU
	EndGlobalSection
	GlobalSection(ProjectConfigurationPlatforms) = postSolution
		{3D4A0EAC-3453-4E6C-8F1B-918255A8F8FB}.Debug|Any CPU.ActiveCfg = Debug|Any CPU
		{3D4A0EAC-3453-4E6C-8F1B-918255A8F8FB}.Debug|Any CPU.Build.0 = Debug|Any CPU
		{3D4A0EAC-3453-4E6C-8F1B-918255A8F8FB}.Release|Any CPU.ActiveCfg = Release|Any CPU
		{3D4A0EAC-3453-4E6C-8F1B-918255A8F8FB}.Release|Any CPU.Build.0 = Release|Any CPU
	EndGlobalSection
	GlobalSection(SolutionProperties) = preSolution
		HideSolutionNode = FALSE
	EndGlobalSection
	GlobalSection(ExtensibilityGlobals) = postSolution
		SolutionGuid = {B459D73C-6D70-478D-A965-D2C4CE679235}
	EndGlobalSection
EndGlobal
