
Microsoft Visual Studio Solution File, Format Version 12.00
# Visual Studio Version 17
VisualStudioVersion = 17.14.36511.14 d17.14
MinimumVisualStudioVersion = 10.0.40219.1
Project("{FAE04EC0-301F-11D3-BF4B-00C04F79EFBC}") = "Praktik_6.3_marisca_xpplg2", "Praktik_6.3_marisca_xpplg2.csproj", "{4E13F358-8551-4D48-B35F-63B51EAD13F8}"
EndProject
Global
	GlobalSection(SolutionConfigurationPlatforms) = preSolution
		Debug|Any CPU = Debug|Any CPU
		Release|Any CPU = Release|Any CPU
	EndGlobalSection
	GlobalSection(ProjectConfigurationPlatforms) = postSolution
		{4E13F358-8551-4D48-B35F-63B51EAD13F8}.Debug|Any CPU.ActiveCfg = Debug|Any CPU
		{4E13F358-8551-4D48-B35F-63B51EAD13F8}.Debug|Any CPU.Build.0 = Debug|Any CPU
		{4E13F358-8551-4D48-B35F-63B51EAD13F8}.Release|Any CPU.ActiveCfg = Release|Any CPU
		{4E13F358-8551-4D48-B35F-63B51EAD13F8}.Release|Any CPU.Build.0 = Release|Any CPU
	EndGlobalSection
	GlobalSection(SolutionProperties) = preSolution
		HideSolutionNode = FALSE
	EndGlobalSection
	GlobalSection(ExtensibilityGlobals) = postSolution
		SolutionGuid = {C76FB392-C98E-44C7-AF3B-9D3A96EB88D2}
	EndGlobalSection
EndGlobal
