
Microsoft Visual Studio Solution File, Format Version 12.00
# Visual Studio Version 17
VisualStudioVersion = 17.14.36511.14 d17.14
MinimumVisualStudioVersion = 10.0.40219.1
Project("{FAE04EC0-301F-11D3-BF4B-00C04F79EFBC}") = "Praktik_6.2_marisca_xpplg2", "Praktik_6.2_marisca_xpplg2.csproj", "{684653B8-7CD6-4B64-A905-4927A11BFD2E}"
EndProject
Global
	GlobalSection(SolutionConfigurationPlatforms) = preSolution
		Debug|Any CPU = Debug|Any CPU
		Release|Any CPU = Release|Any CPU
	EndGlobalSection
	GlobalSection(ProjectConfigurationPlatforms) = postSolution
		{684653B8-7CD6-4B64-A905-4927A11BFD2E}.Debug|Any CPU.ActiveCfg = Debug|Any CPU
		{684653B8-7CD6-4B64-A905-4927A11BFD2E}.Debug|Any CPU.Build.0 = Debug|Any CPU
		{684653B8-7CD6-4B64-A905-4927A11BFD2E}.Release|Any CPU.ActiveCfg = Release|Any CPU
		{684653B8-7CD6-4B64-A905-4927A11BFD2E}.Release|Any CPU.Build.0 = Release|Any CPU
	EndGlobalSection
	GlobalSection(SolutionProperties) = preSolution
		HideSolutionNode = FALSE
	EndGlobalSection
	GlobalSection(ExtensibilityGlobals) = postSolution
		SolutionGuid = {36B8C94A-EBEB-448C-AC60-084C1F9E32A0}
	EndGlobalSection
EndGlobal
